
Microsoft Visual Studio Solution File, Format Version 12.00
# Visual Studio 15
VisualStudioVersion = 15.0.27130.2010
MinimumVisualStudioVersion = 10.0.40219.1
Project("{FAE04EC0-301F-11D3-BF4B-00C04F79EFBC}") = "MayaCloudFunctions", "MayaCloudFunctions\MayaCloudFunctions.csproj", "{CE8D2017-ED53-41E4-A1FC-232E3B145443}"
EndProject
Global
	GlobalSection(SolutionConfigurationPlatforms) = preSolution
		Debug|Any CPU = Debug|Any CPU
		Release|Any CPU = Release|Any CPU
	EndGlobalSection
	GlobalSection(ProjectConfigurationPlatforms) = postSolution
		{CE8D2017-ED53-41E4-A1FC-232E3B145443}.Debug|Any CPU.ActiveCfg = Debug|Any CPU
		{CE8D2017-ED53-41E4-A1FC-232E3B145443}.Debug|Any CPU.Build.0 = Debug|Any CPU
		{CE8D2017-ED53-41E4-A1FC-232E3B145443}.Release|Any CPU.ActiveCfg = Release|Any CPU
		{CE8D2017-ED53-41E4-A1FC-232E3B145443}.Release|Any CPU.Build.0 = Release|Any CPU
	EndGlobalSection
	GlobalSection(SolutionProperties) = preSolution
		HideSolutionNode = FALSE
	EndGlobalSection
	GlobalSection(ExtensibilityGlobals) = postSolution
		SolutionGuid = {8DC9CB73-7986-4CA3-8BE4-AC0B4477061F}
	EndGlobalSection
EndGlobal
